<?xml version="1.0" encoding="utf-8"?>
<Project ToolsVersion="4.0" xmlns="http://schemas.microsoft.com/developer/msbuild/2003">
  <ItemGroup>
    <ClCompile Include="dllmain.cpp" />
    <ClCompile Include="main.cpp" />
    <ClCompile Include="cheatskeybinds.cpp">
      <Filter>Cheats</Filter>
    </ClCompile>
    <ClCompile Include="cheatsutil.cpp">
      <Filter>Cheats</Filter>
    </ClCompile>
    <ClCompile Include="testinghook.cpp">
      <Filter>Hooks\Hooks</Filter>
    </ClCompile>
    <ClCompile Include="PyFunction_NewWithQualNameHook.cpp">
      <Filter>Hooks\Hooks</Filter>
    </ClCompile>
    <ClCompile Include="PyObject_SetAttrHook.cpp">
      <Filter>Hooks\Hooks</Filter>
    </ClCompile>
    <ClCompile Include="hookmanager.cpp">
      <Filter>Hooks</Filter>
    </ClCompile>
    <ClCompile Include="hooks.cpp">
      <Filter>Hooks</Filter>
    </ClCompile>
    <ClCompile Include="functionmanager.cpp">
      <Filter>Functions</Filter>
    </ClCompile>
    <ClCompile Include="function.cpp">
      <Filter>Functions</Filter>
    </ClCompile>
    <ClCompile Include="PyMarshal_ReadObjectFromStrin.cpp">
      <Filter>Functions\Functions</Filter>
    </ClCompile>
    <ClCompile Include="fly.cpp">
      <Filter>Modules\Modules</Filter>
    </ClCompile>
    <ClCompile Include="zoooom.cpp">
      <Filter>Modules\Modules</Filter>
    </ClCompile>
    <ClCompile Include="minigungoburr.cpp">
      <Filter>Modules\Modules</Filter>
    </ClCompile>
    <ClCompile Include="roguepython.cpp">
      <Filter>RoguePython</Filter>
    </ClCompile>
    <ClCompile Include="turnyboi.cpp">
      <Filter>Modules\Modules</Filter>
    </ClCompile>
    <ClCompile Include="PyDict_SetItemHook.cpp">
      <Filter>Hooks\Hooks</Filter>
    </ClCompile>
    <ClCompile Include="zoooomshipedition.cpp">
      <Filter>Modules\Modules</Filter>
    </ClCompile>
    <ClCompile Include="__pypperoni_IMPL_call_funcHook.cpp">
      <Filter>Hooks\Hooks</Filter>
    </ClCompile>
  </ItemGroup>
  <ItemGroup>
    <ClInclude Include="general.h" />
    <ClInclude Include="offsets.h" />
    <ClInclude Include="allmodules.h">
      <Filter>Modules</Filter>
    </ClInclude>
    <ClInclude Include="module.h">
      <Filter>Modules</Filter>
    </ClInclude>
    <ClInclude Include="cheats.h">
      <Filter>Cheats</Filter>
    </ClInclude>
    <ClInclude Include="NextPosObject.h">
      <Filter>ReversedClasses</Filter>
    </ClInclude>
    <ClInclude Include="hookdata.h">
      <Filter>Hooks</Filter>
    </ClInclude>
    <ClInclude Include="allclasses.h">
      <Filter>ReversedClasses</Filter>
    </ClInclude>
    <ClInclude Include="Player.h">
      <Filter>ReversedClasses</Filter>
    </ClInclude>
    <ClInclude Include="GeneralObject.h">
      <Filter>ReversedClasses</Filter>
    </ClInclude>
    <ClInclude Include="testinghook.h">
      <Filter>Hooks\Hooks</Filter>
    </ClInclude>
    <ClInclude Include="PyFunction_NewWithQualNameHook.h">
      <Filter>Hooks\Hooks</Filter>
    </ClInclude>
    <ClInclude Include="PyObject_SetAttrHook.h">
      <Filter>Hooks\Hooks</Filter>
    </ClInclude>
    <ClInclude Include="PyVarObject.h">
      <Filter>ReversedClasses</Filter>
    </ClInclude>
    <ClInclude Include="hookmanager.h">
      <Filter>Hooks</Filter>
    </ClInclude>
    <ClInclude Include="hooks.h">
      <Filter>Hooks</Filter>
    </ClInclude>
    <ClInclude Include="functionmanager.h">
      <Filter>Functions</Filter>
    </ClInclude>
    <ClInclude Include="function.h">
      <Filter>Functions</Filter>
    </ClInclude>
    <ClInclude Include="PyMarshal_ReadObjectFromString.h">
      <Filter>Functions\Functions</Filter>
    </ClInclude>
    <ClInclude Include="fly.h">
      <Filter>Modules\Modules</Filter>
    </ClInclude>
    <ClInclude Include="zoooom.h">
      <Filter>Modules\Modules</Filter>
    </ClInclude>
    <ClInclude Include="minigungoburr.h">
      <Filter>Modules\Modules</Filter>
    </ClInclude>
    <ClInclude Include="roguepython.h">
      <Filter>RoguePython</Filter>
    </ClInclude>
    <ClInclude Include="turnyboi.h">
      <Filter>Modules\Modules</Filter>
    </ClInclude>
    <ClInclude Include="PyDict_SetItemHook.h">
      <Filter>Hooks\Hooks</Filter>
    </ClInclude>
    <ClInclude Include="zoooomshipedition.h">
      <Filter>Modules\Modules</Filter>
    </ClInclude>
    <ClInclude Include="__pypperoni_IMPL_call_funcHook.h">
      <Filter>Hooks\Hooks</Filter>
    </ClInclude>
  </ItemGroup>
  <ItemGroup>
    <Filter Include="Cheats">
      <UniqueIdentifier>{df1068a7-906d-4ef3-815b-5e525ded4d87}</UniqueIdentifier>
    </Filter>
    <Filter Include="Hooks">
      <UniqueIdentifier>{6fb71066-0c63-4199-a0dd-78e45567d5f3}</UniqueIdentifier>
    </Filter>
    <Filter Include="ReversedClasses">
      <UniqueIdentifier>{64f0b7d6-fe90-4826-b75e-e9792a65e4dd}</UniqueIdentifier>
    </Filter>
    <Filter Include="Hooks\Hooks">
      <UniqueIdentifier>{1cbf96f1-c666-4866-80b0-d3c27084fc83}</UniqueIdentifier>
    </Filter>
    <Filter Include="Modules">
      <UniqueIdentifier>{823a6afc-a034-4df5-8990-66114cfc5efc}</UniqueIdentifier>
    </Filter>
    <Filter Include="Functions">
      <UniqueIdentifier>{ff35dc6a-4083-4fcc-9c3f-bc38682c8d50}</UniqueIdentifier>
    </Filter>
    <Filter Include="Functions\Functions">
      <UniqueIdentifier>{ea94edd0-3219-493b-9864-4b4ab275f19b}</UniqueIdentifier>
    </Filter>
    <Filter Include="Modules\Modules">
      <UniqueIdentifier>{453f33e4-ec36-4f44-9cfc-7577a0b62307}</UniqueIdentifier>
    </Filter>
    <Filter Include="RoguePython">
      <UniqueIdentifier>{10388704-1985-462c-8dde-4df13bcfb06e}</UniqueIdentifier>
    </Filter>
  </ItemGroup>
</Project>